{
  "lockfileVersion": 1,
  "configVersion": 1,
  "workspaces": {
    "": {
      "name": "supabase-slim",
      "dependencies": {
        "embedded-postgres": "^18.1.0-beta.16",
        "jose": "^6.0.11",
        "smol-toml": "^1.3.1",
      },
      "devDependencies": {
        "@supabase/supabase-js": "^2.49.4",
        "@types/bun": "^1.2.4",
      },
    },
  },
  "trustedDependencies": [
    "@embedded-postgres/darwin-arm64",
  ],
  "packages": {
    "@embedded-postgres/darwin-arm64": ["@embedded-postgres/darwin-arm64@18.1.0-beta.16", "", { "os": "darwin", "cpu": "arm64" }, "sha512-tU/syLOamFZdXMC+p7AYczmFKIiolFlZ8y3Qb7KonX37O07ezc/OSDiQ641sheV3X0WPf9V10qyK8c81rleDdw=="],

    "@embedded-postgres/darwin-x64": ["@embedded-postgres/darwin-x64@18.1.0-beta.16", "", { "os": "darwin", "cpu": "x64" }, "sha512-4zHNCscGJt/3pmkpLCuU/IpMJzwENM6OqSHE+WWkOoNqYid49ZnmgB1ltOelgZgRoPRIy/HDEnrMeuVxQHBhEw=="],

    "@embedded-postgres/linux-arm": ["@embedded-postgres/linux-arm@18.1.0-beta.16", "", { "os": "linux", "cpu": "arm" }, "sha512-aB1t95YGnqay8swh70s7zo587Nog90UL9yUYrzMMNMq40Qfrq9aWiBn0+6vCxp1rSFaPyJMPvW62/rIKLFBkKg=="],

    "@embedded-postgres/linux-arm64": ["@embedded-postgres/linux-arm64@18.1.0-beta.16", "", { "os": "linux", "cpu": "arm64" }, "sha512-G0f/reVFc7svqncDQL7blwKulzYIYsz+o/3TEtAJOaGMXYkD8Swzv9RFKfEJOr9+IVRwCmoFFppMeBnUwMoGZg=="],

    "@embedded-postgres/linux-ia32": ["@embedded-postgres/linux-ia32@18.1.0-beta.16", "", { "os": "linux", "cpu": "ia32" }, "sha512-gMTIryUMnwyLancs34gXqaiuXIFMgn8RGYZ2wJZEuXpW0SQ/cE07kFINmoQO1sN+5T/IR0KvMXPzxo867wO3ew=="],

    "@embedded-postgres/linux-ppc64": ["@embedded-postgres/linux-ppc64@18.1.0-beta.16", "", { "os": "linux", "cpu": "ppc64" }, "sha512-wTglX0bZVBretiUJrZUO/EmEP8w7jC+i8ZAEKesHHIqIDXEV2F9l+6aTjWt2wRu5SAJ6gpe2RbcKvJ6x+6m1Qw=="],

    "@embedded-postgres/linux-x64": ["@embedded-postgres/linux-x64@18.1.0-beta.16", "", { "os": "linux", "cpu": "x64" }, "sha512-+GIabpHh7QV2AcYBuzyQC41AYczSFphxfHy4ccTPIPrp6OSthZXH+A9fymjQzOiDHg9+1UeYET00Aj7sScjXrg=="],

    "@embedded-postgres/windows-x64": ["@embedded-postgres/windows-x64@18.1.0-beta.16", "", { "os": "win32", "cpu": "x64" }, "sha512-v6AXH1zi6YyoqPM6U7mX08prJ33yD9gqsbo3YdtPi8FDx0C/y9sYa3aQVf/3blPJvHyERYbY8fZnYXbb79Lo0Q=="],

    "@supabase/auth-js": ["@supabase/auth-js@2.95.3", "", { "dependencies": { "tslib": "2.8.1" } }, "sha512-vD2YoS8E2iKIX0F7EwXTmqhUpaNsmbU6X2R0/NdFcs02oEfnHyNP/3M716f3wVJ2E5XHGiTFXki6lRckhJ0Thg=="],

    "@supabase/functions-js": ["@supabase/functions-js@2.95.3", "", { "dependencies": { "tslib": "2.8.1" } }, "sha512-uTuOAKzs9R/IovW1krO0ZbUHSJnsnyJElTXIRhjJTqymIVGcHzkAYnBCJqd7468Fs/Foz1BQ7Dv6DCl05lr7ig=="],

    "@supabase/postgrest-js": ["@supabase/postgrest-js@2.95.3", "", { "dependencies": { "tslib": "2.8.1" } }, "sha512-LTrRBqU1gOovxRm1vRXPItSMPBmEFqrfTqdPTRtzOILV4jPSueFz6pES5hpb4LRlkFwCPRmv3nQJ5N625V2Xrg=="],

    "@supabase/realtime-js": ["@supabase/realtime-js@2.95.3", "", { "dependencies": { "@types/phoenix": "^1.6.6", "@types/ws": "^8.18.1", "tslib": "2.8.1", "ws": "^8.18.2" } }, "sha512-D7EAtfU3w6BEUxDACjowWNJo/ZRo7sDIuhuOGKHIm9FHieGeoJV5R6GKTLtga/5l/6fDr2u+WcW/m8I9SYmaIw=="],

    "@supabase/storage-js": ["@supabase/storage-js@2.95.3", "", { "dependencies": { "iceberg-js": "^0.8.1", "tslib": "2.8.1" } }, "sha512-4GxkJiXI3HHWjxpC3sDx1BVrV87O0hfX+wvJdqGv67KeCu+g44SPnII8y0LL/Wr677jB7tpjAxKdtVWf+xhc9A=="],

    "@supabase/supabase-js": ["@supabase/supabase-js@2.95.3", "", { "dependencies": { "@supabase/auth-js": "2.95.3", "@supabase/functions-js": "2.95.3", "@supabase/postgrest-js": "2.95.3", "@supabase/realtime-js": "2.95.3", "@supabase/storage-js": "2.95.3" } }, "sha512-Fukw1cUTQ6xdLiHDJhKKPu6svEPaCEDvThqCne3OaQyZvuq2qjhJAd91kJu3PXLG18aooCgYBaB6qQz35hhABg=="],

    "@types/bun": ["@types/bun@1.3.9", "", { "dependencies": { "bun-types": "1.3.9" } }, "sha512-KQ571yULOdWJiMH+RIWIOZ7B2RXQGpL1YQrBtLIV3FqDcCu6FsbFUBwhdKUlCKUpS3PJDsHlJ1QKlpxoVR+xtw=="],

    "@types/node": ["@types/node@25.2.3", "", { "dependencies": { "undici-types": "~7.16.0" } }, "sha512-m0jEgYlYz+mDJZ2+F4v8D1AyQb+QzsNqRuI7xg1VQX/KlKS0qT9r1Mo16yo5F/MtifXFgaofIFsdFMox2SxIbQ=="],

    "@types/phoenix": ["@types/phoenix@1.6.7", "", {}, "sha512-oN9ive//QSBkf19rfDv45M7eZPi0eEXylht2OLEXicu5b4KoQ1OzXIw+xDSGWxSxe1JmepRR/ZH283vsu518/Q=="],

    "@types/ws": ["@types/ws@8.18.1", "", { "dependencies": { "@types/node": "*" } }, "sha512-ThVF6DCVhA8kUGy+aazFQ4kXQ7E1Ty7A3ypFOe0IcJV8O/M511G99AW24irKrW56Wt44yG9+ij8FaqoBGkuBXg=="],

    "async-exit-hook": ["async-exit-hook@2.0.1", "", {}, "sha512-NW2cX8m1Q7KPA7a5M2ULQeZ2wR5qI5PAbw5L0UOMxdioVk9PMZ0h1TmyZEkPYrCvYjDlFICusOu1dlEKAAeXBw=="],

    "bun-types": ["bun-types@1.3.9", "", { "dependencies": { "@types/node": "*" } }, "sha512-+UBWWOakIP4Tswh0Bt0QD0alpTY8cb5hvgiYeWCMet9YukHbzuruIEeXC2D7nMJPB12kbh8C7XJykSexEqGKJg=="],

    "embedded-postgres": ["embedded-postgres@18.1.0-beta.16", "", { "dependencies": { "async-exit-hook": "^2.0.1", "pg": "^8.7.3" }, "optionalDependencies": { "@embedded-postgres/darwin-arm64": "^18.1.0-beta.16", "@embedded-postgres/darwin-x64": "^18.1.0-beta.16", "@embedded-postgres/linux-arm": "^18.1.0-beta.16", "@embedded-postgres/linux-arm64": "^18.1.0-beta.16", "@embedded-postgres/linux-ia32": "^18.1.0-beta.16", "@embedded-postgres/linux-ppc64": "^18.1.0-beta.16", "@embedded-postgres/linux-x64": "^18.1.0-beta.16", "@embedded-postgres/windows-x64": "^18.1.0-beta.16" } }, "sha512-TDp7Ld0h84x5fzIIZFyreYWqZrxUNjuXB6OxqJCmV6PodB2vzQ+1hlL6n4uK1de7bIAxYt5OkDykwcuIONQdQg=="],

    "iceberg-js": ["iceberg-js@0.8.1", "", {}, "sha512-1dhVQZXhcHje7798IVM+xoo/1ZdVfzOMIc8/rgVSijRK38EDqOJoGula9N/8ZI5RD8QTxNQtK/Gozpr+qUqRRA=="],

    "jose": ["jose@6.1.3", "", {}, "sha512-0TpaTfihd4QMNwrz/ob2Bp7X04yuxJkjRGi4aKmOqwhov54i6u79oCv7T+C7lo70MKH6BesI3vscD1yb/yzKXQ=="],

    "pg": ["pg@8.18.0", "", { "dependencies": { "pg-connection-string": "^2.11.0", "pg-pool": "^3.11.0", "pg-protocol": "^1.11.0", "pg-types": "2.2.0", "pgpass": "1.0.5" }, "optionalDependencies": { "pg-cloudflare": "^1.3.0" }, "peerDependencies": { "pg-native": ">=3.0.1" }, "optionalPeers": ["pg-native"] }, "sha512-xqrUDL1b9MbkydY/s+VZ6v+xiMUmOUk7SS9d/1kpyQxoJ6U9AO1oIJyUWVZojbfe5Cc/oluutcgFG4L9RDP1iQ=="],

    "pg-cloudflare": ["pg-cloudflare@1.3.0", "", {}, "sha512-6lswVVSztmHiRtD6I8hw4qP/nDm1EJbKMRhf3HCYaqud7frGysPv7FYJ5noZQdhQtN2xJnimfMtvQq21pdbzyQ=="],

    "pg-connection-string": ["pg-connection-string@2.11.0", "", {}, "sha512-kecgoJwhOpxYU21rZjULrmrBJ698U2RxXofKVzOn5UDj61BPj/qMb7diYUR1nLScCDbrztQFl1TaQZT0t1EtzQ=="],

    "pg-int8": ["pg-int8@1.0.1", "", {}, "sha512-WCtabS6t3c8SkpDBUlb1kjOs7l66xsGdKpIPZsg4wR+B3+u9UAum2odSsF9tnvxg80h4ZxLWMy4pRjOsFIqQpw=="],

    "pg-pool": ["pg-pool@3.11.0", "", { "peerDependencies": { "pg": ">=8.0" } }, "sha512-MJYfvHwtGp870aeusDh+hg9apvOe2zmpZJpyt+BMtzUWlVqbhFmMK6bOBXLBUPd7iRtIF9fZplDc7KrPN3PN7w=="],

    "pg-protocol": ["pg-protocol@1.11.0", "", {}, "sha512-pfsxk2M9M3BuGgDOfuy37VNRRX3jmKgMjcvAcWqNDpZSf4cUmv8HSOl5ViRQFsfARFn0KuUQTgLxVMbNq5NW3g=="],

    "pg-types": ["pg-types@2.2.0", "", { "dependencies": { "pg-int8": "1.0.1", "postgres-array": "~2.0.0", "postgres-bytea": "~1.0.0", "postgres-date": "~1.0.4", "postgres-interval": "^1.1.0" } }, "sha512-qTAAlrEsl8s4OiEQY69wDvcMIdQN6wdz5ojQiOy6YRMuynxenON0O5oCpJI6lshc6scgAY8qvJ2On/p+CXY0GA=="],

    "pgpass": ["pgpass@1.0.5", "", { "dependencies": { "split2": "^4.1.0" } }, "sha512-FdW9r/jQZhSeohs1Z3sI1yxFQNFvMcnmfuj4WBMUTxOrAyLMaTcE1aAMBiTlbMNaXvBCQuVi0R7hd8udDSP7ug=="],

    "postgres-array": ["postgres-array@2.0.0", "", {}, "sha512-VpZrUqU5A69eQyW2c5CA1jtLecCsN2U/bD6VilrFDWq5+5UIEVO7nazS3TEcHf1zuPYO/sqGvUvW62g86RXZuA=="],

    "postgres-bytea": ["postgres-bytea@1.0.1", "", {}, "sha512-5+5HqXnsZPE65IJZSMkZtURARZelel2oXUEO8rH83VS/hxH5vv1uHquPg5wZs8yMAfdv971IU+kcPUczi7NVBQ=="],

    "postgres-date": ["postgres-date@1.0.7", "", {}, "sha512-suDmjLVQg78nMK2UZ454hAG+OAW+HQPZ6n++TNDUX+L0+uUlLywnoxJKDou51Zm+zTCjrCl0Nq6J9C5hP9vK/Q=="],

    "postgres-interval": ["postgres-interval@1.2.0", "", { "dependencies": { "xtend": "^4.0.0" } }, "sha512-9ZhXKM/rw350N1ovuWHbGxnGh/SNJ4cnxHiM0rxE4VN41wsg8P8zWn9hv/buK00RP4WvlOyr/RBDiptyxVbkZQ=="],

    "smol-toml": ["smol-toml@1.6.0", "", {}, "sha512-4zemZi0HvTnYwLfrpk/CF9LOd9Lt87kAt50GnqhMpyF9U3poDAP2+iukq2bZsO/ufegbYehBkqINbsWxj4l4cw=="],

    "split2": ["split2@4.2.0", "", {}, "sha512-UcjcJOWknrNkF6PLX83qcHM6KHgVKNkV62Y8a5uYDVv9ydGQVwAHMKqHdJje1VTWpljG0WYpCDhrCdAOYH4TWg=="],

    "tslib": ["tslib@2.8.1", "", {}, "sha512-oJFu94HQb+KVduSUQL7wnpmqnfmLsOA/nAh6b6EH0wCEoK0/mPeXU6c3wKDV83MkOuHPRHtSXKKU99IBazS/2w=="],

    "undici-types": ["undici-types@7.16.0", "", {}, "sha512-Zz+aZWSj8LE6zoxD+xrjh4VfkIG8Ya6LvYkZqtUQGJPZjYl53ypCaUwWqo7eI0x66KBGeRo+mlBEkMSeSZ38Nw=="],

    "ws": ["ws@8.19.0", "", { "peerDependencies": { "bufferutil": "^4.0.1", "utf-8-validate": ">=5.0.2" }, "optionalPeers": ["bufferutil", "utf-8-validate"] }, "sha512-blAT2mjOEIi0ZzruJfIhb3nps74PRWTCz1IjglWEEpQl5XS/UNama6u2/rjFkDDouqr4L67ry+1aGIALViWjDg=="],

    "xtend": ["xtend@4.0.2", "", {}, "sha512-LKYU1iAXJXUgAXn9URjiu+MWhyUXHsvfp7mcuYm9dSUKK0/CjtrUwFAxD82/mCWbtLsGjFIad0wIsod4zrTAEQ=="],
  }
}
